
Microsoft Visual Studio Solution File, Format Version 12.00
Project("{F2A71F9B-5D33-465A-A702-920D77279786}") = "ZAD1", "ZAD1\ZAD1.fsproj", "{54854D71-792D-4D1E-ACAD-F847C6B1C5B4}"
EndProject
Project("{F2A71F9B-5D33-465A-A702-920D77279786}") = "ZAD2", "ZAD2\ZAD2.fsproj", "{5DB8FDA7-F9F9-427B-86A5-19504281E123}"
EndProject
Global
	GlobalSection(SolutionConfigurationPlatforms) = preSolution
		Debug|Any CPU = Debug|Any CPU
		Release|Any CPU = Release|Any CPU
	EndGlobalSection
	GlobalSection(ProjectConfigurationPlatforms) = postSolution
		{54854D71-792D-4D1E-ACAD-F847C6B1C5B4}.Debug|Any CPU.ActiveCfg = Debug|Any CPU
		{54854D71-792D-4D1E-ACAD-F847C6B1C5B4}.Debug|Any CPU.Build.0 = Debug|Any CPU
		{54854D71-792D-4D1E-ACAD-F847C6B1C5B4}.Release|Any CPU.ActiveCfg = Release|Any CPU
		{54854D71-792D-4D1E-ACAD-F847C6B1C5B4}.Release|Any CPU.Build.0 = Release|Any CPU
		{5DB8FDA7-F9F9-427B-86A5-19504281E123}.Debug|Any CPU.ActiveCfg = Debug|Any CPU
		{5DB8FDA7-F9F9-427B-86A5-19504281E123}.Debug|Any CPU.Build.0 = Debug|Any CPU
		{5DB8FDA7-F9F9-427B-86A5-19504281E123}.Release|Any CPU.ActiveCfg = Release|Any CPU
		{5DB8FDA7-F9F9-427B-86A5-19504281E123}.Release|Any CPU.Build.0 = Release|Any CPU
	EndGlobalSection
EndGlobal
