
Microsoft Visual Studio Solution File, Format Version 12.00
# Visual Studio Version 17
VisualStudioVersion = 17.1.32328.378
MinimumVisualStudioVersion = 10.0.40219.1
Project("{FAE04EC0-301F-11D3-BF4B-00C04F79EFBC}") = "ZAD7", "ZAD7\ZAD7.csproj", "{1DF25B0F-BF5A-4138-8B4A-52B55DE1283E}"
EndProject
Global
	GlobalSection(SolutionConfigurationPlatforms) = preSolution
		Debug|Any CPU = Debug|Any CPU
		Release|Any CPU = Release|Any CPU
	EndGlobalSection
	GlobalSection(ProjectConfigurationPlatforms) = postSolution
		{1DF25B0F-BF5A-4138-8B4A-52B55DE1283E}.Debug|Any CPU.ActiveCfg = Debug|Any CPU
		{1DF25B0F-BF5A-4138-8B4A-52B55DE1283E}.Debug|Any CPU.Build.0 = Debug|Any CPU
		{1DF25B0F-BF5A-4138-8B4A-52B55DE1283E}.Release|Any CPU.ActiveCfg = Release|Any CPU
		{1DF25B0F-BF5A-4138-8B4A-52B55DE1283E}.Release|Any CPU.Build.0 = Release|Any CPU
	EndGlobalSection
	GlobalSection(SolutionProperties) = preSolution
		HideSolutionNode = FALSE
	EndGlobalSection
	GlobalSection(ExtensibilityGlobals) = postSolution
		SolutionGuid = {87C534C5-A97E-4DF9-A91A-EEF598D8FF73}
	EndGlobalSection
EndGlobal
