
Microsoft Visual Studio Solution File, Format Version 12.00
Project("{FAE04EC0-301F-11D3-BF4B-00C04F79EFBC}") = "Zad1-2", "Zad1-2\Zad1-2.csproj", "{87D4ACC8-AF9B-4DAE-B6BC-CE3A942AFDF3}"
EndProject
Global
	GlobalSection(SolutionConfigurationPlatforms) = preSolution
		Debug|Any CPU = Debug|Any CPU
		Release|Any CPU = Release|Any CPU
	EndGlobalSection
	GlobalSection(ProjectConfigurationPlatforms) = postSolution
		{87D4ACC8-AF9B-4DAE-B6BC-CE3A942AFDF3}.Debug|Any CPU.ActiveCfg = Debug|Any CPU
		{87D4ACC8-AF9B-4DAE-B6BC-CE3A942AFDF3}.Debug|Any CPU.Build.0 = Debug|Any CPU
		{87D4ACC8-AF9B-4DAE-B6BC-CE3A942AFDF3}.Release|Any CPU.ActiveCfg = Release|Any CPU
		{87D4ACC8-AF9B-4DAE-B6BC-CE3A942AFDF3}.Release|Any CPU.Build.0 = Release|Any CPU
	EndGlobalSection
EndGlobal
